// !$*UTF8*$!
{
	archiveVersion = 1;
	classes = {
	};
	objectVersion = 50;
	objects = {

/* Begin PBXBuildFile section */
		D83112AC24A22F43003BD04C /* GFInfoHeaderVCViewController.swift in Sources */ = {isa = PBXBuildFile; fileRef = D83112AB24A22F43003BD04C /* GFInfoHeaderVCViewController.swift */; };
		D83112AE24A23075003BD04C /* GFSecondaryLabel.swift in Sources */ = {isa = PBXBuildFile; fileRef = D83112AD24A23075003BD04C /* GFSecondaryLabel.swift */; };
		D84C86E625152D4600831C6A /* PersistenceManager.swift in Sources */ = {isa = PBXBuildFile; fileRef = D84C86E525152D4600831C6A /* PersistenceManager.swift */; };
		D886F7862461888500084779 /* Follower.swift in Sources */ = {isa = PBXBuildFile; fileRef = D886F7852461888500084779 /* Follower.swift */; };
		D886F7882461899A00084779 /* User.swift in Sources */ = {isa = PBXBuildFile; fileRef = D886F7872461899A00084779 /* User.swift */; };
		D886F78B2461918E00084779 /* NetworkManager.swift in Sources */ = {isa = PBXBuildFile; fileRef = D886F78A2461918E00084779 /* NetworkManager.swift */; };
		D886F78E2461B97500084779 /* ErrorMessage.swift in Sources */ = {isa = PBXBuildFile; fileRef = D886F78D2461B97500084779 /* ErrorMessage.swift */; };
		D886F7912461D60300084779 /* FollowerCell.swift in Sources */ = {isa = PBXBuildFile; fileRef = D886F7902461D60300084779 /* FollowerCell.swift */; };
		D886F7932461D70C00084779 /* CustomAvatarImageView.swift in Sources */ = {isa = PBXBuildFile; fileRef = D886F7922461D70C00084779 /* CustomAvatarImageView.swift */; };
		D8A7D81F24D7039600CA87F0 /* GFIteminfoVC.swift in Sources */ = {isa = PBXBuildFile; fileRef = D8A7D81E24D7039600CA87F0 /* GFIteminfoVC.swift */; };
		D8A7D82124D7085E00CA87F0 /* GFReapoItemVC.swift in Sources */ = {isa = PBXBuildFile; fileRef = D8A7D82024D7085E00CA87F0 /* GFReapoItemVC.swift */; };
		D8A7D82324D70AF900CA87F0 /* GFFollowerItemVC.swift in Sources */ = {isa = PBXBuildFile; fileRef = D8A7D82224D70AF900CA87F0 /* GFFollowerItemVC.swift */; };
		D8CF558024BCD7F9004D2DE8 /* Constants.swift in Sources */ = {isa = PBXBuildFile; fileRef = D8CF557F24BCD7F9004D2DE8 /* Constants.swift */; };
		D8D23E77245DBD72007B3436 /* CustomTitleLabel.swift in Sources */ = {isa = PBXBuildFile; fileRef = D8D23E76245DBD72007B3436 /* CustomTitleLabel.swift */; };
		D8D23E79245DBF4F007B3436 /* CustomBodyTitleLabel.swift in Sources */ = {isa = PBXBuildFile; fileRef = D8D23E78245DBF4F007B3436 /* CustomBodyTitleLabel.swift */; };
		D8D23E7C245DC079007B3436 /* AlertVC.swift in Sources */ = {isa = PBXBuildFile; fileRef = D8D23E7B245DC079007B3436 /* AlertVC.swift */; };
		D8D23E7E245DCC5C007B3436 /* UIViewController + Ext.swift in Sources */ = {isa = PBXBuildFile; fileRef = D8D23E7D245DCC5C007B3436 /* UIViewController + Ext.swift */; };
		D8D23E80245DD1A3007B3436 /* UIView + Ext.swift in Sources */ = {isa = PBXBuildFile; fileRef = D8D23E7F245DD1A3007B3436 /* UIView + Ext.swift */; };
		D8D32FAF24531B96003241D9 /* AppDelegate.swift in Sources */ = {isa = PBXBuildFile; fileRef = D8D32FAE24531B96003241D9 /* AppDelegate.swift */; };
		D8D32FB124531B96003241D9 /* SceneDelegate.swift in Sources */ = {isa = PBXBuildFile; fileRef = D8D32FB024531B96003241D9 /* SceneDelegate.swift */; };
		D8D32FB824531B9E003241D9 /* Assets.xcassets in Resources */ = {isa = PBXBuildFile; fileRef = D8D32FB724531B9E003241D9 /* Assets.xcassets */; };
		D8D32FBB24531B9E003241D9 /* LaunchScreen.storyboard in Resources */ = {isa = PBXBuildFile; fileRef = D8D32FB924531B9E003241D9 /* LaunchScreen.storyboard */; };
		D8D32FC42453358F003241D9 /* SearchVC.swift in Sources */ = {isa = PBXBuildFile; fileRef = D8D32FC32453358F003241D9 /* SearchVC.swift */; };
		D8D32FC6245335E3003241D9 /* FavoritesListVC.swift in Sources */ = {isa = PBXBuildFile; fileRef = D8D32FC5245335E3003241D9 /* FavoritesListVC.swift */; };
		D8D32FC8245340E0003241D9 /* MainTabBarVC.swift in Sources */ = {isa = PBXBuildFile; fileRef = D8D32FC7245340E0003241D9 /* MainTabBarVC.swift */; };
		D8D32FCB24534E56003241D9 /* CustomButton.swift in Sources */ = {isa = PBXBuildFile; fileRef = D8D32FCA24534E56003241D9 /* CustomButton.swift */; };
		D8D32FF22457195C003241D9 /* Utils.swift in Sources */ = {isa = PBXBuildFile; fileRef = D8D32FF12457195C003241D9 /* Utils.swift */; };
		D8D32FF424571B2B003241D9 /* CustomTextfield.swift in Sources */ = {isa = PBXBuildFile; fileRef = D8D32FF324571B2B003241D9 /* CustomTextfield.swift */; };
		D8D32FFB2458B0F6003241D9 /* FollowerListVC.swift in Sources */ = {isa = PBXBuildFile; fileRef = D8D32FFA2458B0F6003241D9 /* FollowerListVC.swift */; };
		D8D32FFE2458B9B3003241D9 /* String+Ext.swift in Sources */ = {isa = PBXBuildFile; fileRef = D8D32FFD2458B9B3003241D9 /* String+Ext.swift */; };
		D8D7C1A424E4723400AD9B75 /* Date + Ext.swift in Sources */ = {isa = PBXBuildFile; fileRef = D8D7C1A324E4723400AD9B75 /* Date + Ext.swift */; };
		D8D7C1A624E4727C00AD9B75 /* StringDate+Ext.swift in Sources */ = {isa = PBXBuildFile; fileRef = D8D7C1A524E4727C00AD9B75 /* StringDate+Ext.swift */; };
		D8D9B2F124C6F958007CA563 /* GFItemInfoView.swift in Sources */ = {isa = PBXBuildFile; fileRef = D8D9B2F024C6F958007CA563 /* GFItemInfoView.swift */; };
		D8DEDDA92463352100A04078 /* UIhelper.swift in Sources */ = {isa = PBXBuildFile; fileRef = D8DEDDA82463352100A04078 /* UIhelper.swift */; };
		D8DEDDB22466FF4E00A04078 /* GFEmptyStateView.swift in Sources */ = {isa = PBXBuildFile; fileRef = D8DEDDB12466FF4E00A04078 /* GFEmptyStateView.swift */; };
		D8DF7C6324733426007E2CAF /* UserinfoVC.swift in Sources */ = {isa = PBXBuildFile; fileRef = D8DF7C6224733426007E2CAF /* UserinfoVC.swift */; };
		D8F4B45C25A3395F00565F39 /* FavoriteCell.swift in Sources */ = {isa = PBXBuildFile; fileRef = D8F4B45B25A3395F00565F39 /* FavoriteCell.swift */; };
/* End PBXBuildFile section */

/* Begin PBXFileReference section */
		D83112AB24A22F43003BD04C /* GFInfoHeaderVCViewController.swift */ = {isa = PBXFileReference; lastKnownFileType = sourcecode.swift; path = GFInfoHeaderVCViewController.swift; sourceTree = "<group>"; };
		D83112AD24A23075003BD04C /* GFSecondaryLabel.swift */ = {isa = PBXFileReference; lastKnownFileType = sourcecode.swift; path = GFSecondaryLabel.swift; sourceTree = "<group>"; };
		D84C86E525152D4600831C6A /* PersistenceManager.swift */ = {isa = PBXFileReference; lastKnownFileType = sourcecode.swift; path = PersistenceManager.swift; sourceTree = "<group>"; };
		D886F7852461888500084779 /* Follower.swift */ = {isa = PBXFileReference; lastKnownFileType = sourcecode.swift; path = Follower.swift; sourceTree = "<group>"; };
		D886F7872461899A00084779 /* User.swift */ = {isa = PBXFileReference; lastKnownFileType = sourcecode.swift; path = User.swift; sourceTree = "<group>"; };
		D886F78A2461918E00084779 /* NetworkManager.swift */ = {isa = PBXFileReference; lastKnownFileType = sourcecode.swift; path = NetworkManager.swift; sourceTree = "<group>"; };
		D886F78D2461B97500084779 /* ErrorMessage.swift */ = {isa = PBXFileReference; lastKnownFileType = sourcecode.swift; path = ErrorMessage.swift; sourceTree = "<group>"; };
		D886F7902461D60300084779 /* FollowerCell.swift */ = {isa = PBXFileReference; lastKnownFileType = sourcecode.swift; path = FollowerCell.swift; sourceTree = "<group>"; };
		D886F7922461D70C00084779 /* CustomAvatarImageView.swift */ = {isa = PBXFileReference; lastKnownFileType = sourcecode.swift; path = CustomAvatarImageView.swift; sourceTree = "<group>"; };
		D8A7D81E24D7039600CA87F0 /* GFIteminfoVC.swift */ = {isa = PBXFileReference; lastKnownFileType = sourcecode.swift; path = GFIteminfoVC.swift; sourceTree = "<group>"; };
		D8A7D82024D7085E00CA87F0 /* GFReapoItemVC.swift */ = {isa = PBXFileReference; lastKnownFileType = sourcecode.swift; path = GFReapoItemVC.swift; sourceTree = "<group>"; };
		D8A7D82224D70AF900CA87F0 /* GFFollowerItemVC.swift */ = {isa = PBXFileReference; lastKnownFileType = sourcecode.swift; path = GFFollowerItemVC.swift; sourceTree = "<group>"; };
		D8CF557F24BCD7F9004D2DE8 /* Constants.swift */ = {isa = PBXFileReference; lastKnownFileType = sourcecode.swift; path = Constants.swift; sourceTree = "<group>"; };
		D8D23E76245DBD72007B3436 /* CustomTitleLabel.swift */ = {isa = PBXFileReference; lastKnownFileType = sourcecode.swift; path = CustomTitleLabel.swift; sourceTree = "<group>"; };
		D8D23E78245DBF4F007B3436 /* CustomBodyTitleLabel.swift */ = {isa = PBXFileReference; lastKnownFileType = sourcecode.swift; path = CustomBodyTitleLabel.swift; sourceTree = "<group>"; };
		D8D23E7B245DC079007B3436 /* AlertVC.swift */ = {isa = PBXFileReference; lastKnownFileType = sourcecode.swift; path = AlertVC.swift; sourceTree = "<group>"; };
		D8D23E7D245DCC5C007B3436 /* UIViewController + Ext.swift */ = {isa = PBXFileReference; lastKnownFileType = sourcecode.swift; path = "UIViewController + Ext.swift"; sourceTree = "<group>"; };
		D8D23E7F245DD1A3007B3436 /* UIView + Ext.swift */ = {isa = PBXFileReference; lastKnownFileType = sourcecode.swift; path = "UIView + Ext.swift"; sourceTree = "<group>"; };
		D8D32FAB24531B96003241D9 /* GHFollowers.app */ = {isa = PBXFileReference; explicitFileType = wrapper.application; includeInIndex = 0; path = GHFollowers.app; sourceTree = BUILT_PRODUCTS_DIR; };
		D8D32FAE24531B96003241D9 /* AppDelegate.swift */ = {isa = PBXFileReference; lastKnownFileType = sourcecode.swift; path = AppDelegate.swift; sourceTree = "<group>"; };
		D8D32FB024531B96003241D9 /* SceneDelegate.swift */ = {isa = PBXFileReference; lastKnownFileType = sourcecode.swift; path = SceneDelegate.swift; sourceTree = "<group>"; };
		D8D32FB724531B9E003241D9 /* Assets.xcassets */ = {isa = PBXFileReference; lastKnownFileType = folder.assetcatalog; path = Assets.xcassets; sourceTree = "<group>"; };
		D8D32FBA24531B9E003241D9 /* Base */ = {isa = PBXFileReference; lastKnownFileType = file.storyboard; name = Base; path = Base.lproj/LaunchScreen.storyboard; sourceTree = "<group>"; };
		D8D32FBC24531B9E003241D9 /* Info.plist */ = {isa = PBXFileReference; lastKnownFileType = text.plist.xml; path = Info.plist; sourceTree = "<group>"; };
		D8D32FC32453358F003241D9 /* SearchVC.swift */ = {isa = PBXFileReference; lastKnownFileType = sourcecode.swift; path = SearchVC.swift; sourceTree = "<group>"; };
		D8D32FC5245335E3003241D9 /* FavoritesListVC.swift */ = {isa = PBXFileReference; lastKnownFileType = sourcecode.swift; path = FavoritesListVC.swift; sourceTree = "<group>"; };
		D8D32FC7245340E0003241D9 /* MainTabBarVC.swift */ = {isa = PBXFileReference; lastKnownFileType = sourcecode.swift; path = MainTabBarVC.swift; sourceTree = "<group>"; };
		D8D32FCA24534E56003241D9 /* CustomButton.swift */ = {isa = PBXFileReference; lastKnownFileType = sourcecode.swift; path = CustomButton.swift; sourceTree = "<group>"; };
		D8D32FF12457195C003241D9 /* Utils.swift */ = {isa = PBXFileReference; lastKnownFileType = sourcecode.swift; path = Utils.swift; sourceTree = "<group>"; };
		D8D32FF324571B2B003241D9 /* CustomTextfield.swift */ = {isa = PBXFileReference; lastKnownFileType = sourcecode.swift; path = CustomTextfield.swift; sourceTree = "<group>"; };
		D8D32FFA2458B0F6003241D9 /* FollowerListVC.swift */ = {isa = PBXFileReference; lastKnownFileType = sourcecode.swift; path = FollowerListVC.swift; sourceTree = "<group>"; };
		D8D32FFD2458B9B3003241D9 /* String+Ext.swift */ = {isa = PBXFileReference; fileEncoding = 4; lastKnownFileType = sourcecode.swift; path = "String+Ext.swift"; sourceTree = "<group>"; };
		D8D7C1A324E4723400AD9B75 /* Date + Ext.swift */ = {isa = PBXFileReference; lastKnownFileType = sourcecode.swift; path = "Date + Ext.swift"; sourceTree = "<group>"; };
		D8D7C1A524E4727C00AD9B75 /* StringDate+Ext.swift */ = {isa = PBXFileReference; lastKnownFileType = sourcecode.swift; path = "StringDate+Ext.swift"; sourceTree = "<group>"; };
		D8D9B2F024C6F958007CA563 /* GFItemInfoView.swift */ = {isa = PBXFileReference; lastKnownFileType = sourcecode.swift; path = GFItemInfoView.swift; sourceTree = "<group>"; };
		D8DEDDA82463352100A04078 /* UIhelper.swift */ = {isa = PBXFileReference; lastKnownFileType = sourcecode.swift; path = UIhelper.swift; sourceTree = "<group>"; };
		D8DEDDB12466FF4E00A04078 /* GFEmptyStateView.swift */ = {isa = PBXFileReference; lastKnownFileType = sourcecode.swift; path = GFEmptyStateView.swift; sourceTree = "<group>"; };
		D8DF7C6224733426007E2CAF /* UserinfoVC.swift */ = {isa = PBXFileReference; lastKnownFileType = sourcecode.swift; path = UserinfoVC.swift; sourceTree = "<group>"; };
		D8F4B45B25A3395F00565F39 /* FavoriteCell.swift */ = {isa = PBXFileReference; lastKnownFileType = sourcecode.swift; path = FavoriteCell.swift; sourceTree = "<group>"; };
/* End PBXFileReference section */

/* Begin PBXFrameworksBuildPhase section */
		D8D32FA824531B96003241D9 /* Frameworks */ = {
			isa = PBXFrameworksBuildPhase;
			buildActionMask = 2147483647;
			files = (
			);
			runOnlyForDeploymentPostprocessing = 0;
		};
/* End PBXFrameworksBuildPhase section */

/* Begin PBXGroup section */
		D886F7842461886800084779 /* Model */ = {
			isa = PBXGroup;
			children = (
				D886F7852461888500084779 /* Follower.swift */,
				D886F7872461899A00084779 /* User.swift */,
			);
			path = Model;
			sourceTree = "<group>";
		};
		D886F789246190F200084779 /* Managers */ = {
			isa = PBXGroup;
			children = (
				D886F78A2461918E00084779 /* NetworkManager.swift */,
				D84C86E525152D4600831C6A /* PersistenceManager.swift */,
			);
			path = Managers;
			sourceTree = "<group>";
		};
		D886F78C2461B94600084779 /* Utilities */ = {
			isa = PBXGroup;
			children = (
				D886F78D2461B97500084779 /* ErrorMessage.swift */,
				D8DEDDA82463352100A04078 /* UIhelper.swift */,
				D8CF557F24BCD7F9004D2DE8 /* Constants.swift */,
			);
			path = Utilities;
			sourceTree = "<group>";
		};
		D886F78F2461D5A900084779 /* Cells */ = {
			isa = PBXGroup;
			children = (
				D886F7902461D60300084779 /* FollowerCell.swift */,
				D8F4B45B25A3395F00565F39 /* FavoriteCell.swift */,
			);
			path = Cells;
			sourceTree = "<group>";
		};
		D8D23E81245E02B6007B3436 /* Support */ = {
			isa = PBXGroup;
			children = (
				D8D32FAE24531B96003241D9 /* AppDelegate.swift */,
				D8D32FB024531B96003241D9 /* SceneDelegate.swift */,
			);
			path = Support;
			sourceTree = "<group>";
		};
		D8D32FA224531B96003241D9 = {
			isa = PBXGroup;
			children = (
				D8D32FAD24531B96003241D9 /* GHFollowers */,
				D8D32FAC24531B96003241D9 /* Products */,
			);
			sourceTree = "<group>";
		};
		D8D32FAC24531B96003241D9 /* Products */ = {
			isa = PBXGroup;
			children = (
				D8D32FAB24531B96003241D9 /* GHFollowers.app */,
			);
			name = Products;
			sourceTree = "<group>";
		};
		D8D32FAD24531B96003241D9 /* GHFollowers */ = {
			isa = PBXGroup;
			children = (
				D886F78C2461B94600084779 /* Utilities */,
				D886F789246190F200084779 /* Managers */,
				D886F7842461886800084779 /* Model */,
				D8D23E81245E02B6007B3436 /* Support */,
				D8D32FFC2458B988003241D9 /* Extentions */,
				D8D32FC924534E31003241D9 /* Custom Views */,
				D8D32FC22453356F003241D9 /* Controllers */,
				D8D32FB724531B9E003241D9 /* Assets.xcassets */,
				D8D32FB924531B9E003241D9 /* LaunchScreen.storyboard */,
				D8D32FBC24531B9E003241D9 /* Info.plist */,
			);
			path = GHFollowers;
			sourceTree = "<group>";
		};
		D8D32FC22453356F003241D9 /* Controllers */ = {
			isa = PBXGroup;
			children = (
				D8D32FC32453358F003241D9 /* SearchVC.swift */,
				D8D32FFA2458B0F6003241D9 /* FollowerListVC.swift */,
				D8D32FC5245335E3003241D9 /* FavoritesListVC.swift */,
				D8D23E7B245DC079007B3436 /* AlertVC.swift */,
				D8DF7C6224733426007E2CAF /* UserinfoVC.swift */,
				D83112AB24A22F43003BD04C /* GFInfoHeaderVCViewController.swift */,
				D8A7D81E24D7039600CA87F0 /* GFIteminfoVC.swift */,
				D8A7D82024D7085E00CA87F0 /* GFReapoItemVC.swift */,
				D8A7D82224D70AF900CA87F0 /* GFFollowerItemVC.swift */,
				D8D32FC7245340E0003241D9 /* MainTabBarVC.swift */,
			);
			path = Controllers;
			sourceTree = "<group>";
		};
		D8D32FC924534E31003241D9 /* Custom Views */ = {
			isa = PBXGroup;
			children = (
				D8DEDDB02466FF2500A04078 /* Labels */,
				D8DEDDAF2466FF1C00A04078 /* Textfield */,
				D8DEDDAE2466FF1000A04078 /* Buttons */,
				D8DEDDAC2466FEF400A04078 /* Views */,
				D886F78F2461D5A900084779 /* Cells */,
				D886F7922461D70C00084779 /* CustomAvatarImageView.swift */,
			);
			path = "Custom Views";
			sourceTree = "<group>";
		};
		D8D32FFC2458B988003241D9 /* Extentions */ = {
			isa = PBXGroup;
			children = (
				D8D32FFD2458B9B3003241D9 /* String+Ext.swift */,
				D8D23E7D245DCC5C007B3436 /* UIViewController + Ext.swift */,
				D8D23E7F245DD1A3007B3436 /* UIView + Ext.swift */,
				D8D32FF12457195C003241D9 /* Utils.swift */,
				D8D7C1A324E4723400AD9B75 /* Date + Ext.swift */,
				D8D7C1A524E4727C00AD9B75 /* StringDate+Ext.swift */,
			);
			path = Extentions;
			sourceTree = "<group>";
		};
		D8DEDDAC2466FEF400A04078 /* Views */ = {
			isa = PBXGroup;
			children = (
				D8DEDDB12466FF4E00A04078 /* GFEmptyStateView.swift */,
				D8D9B2F024C6F958007CA563 /* GFItemInfoView.swift */,
			);
			path = Views;
			sourceTree = "<group>";
		};
		D8DEDDAE2466FF1000A04078 /* Buttons */ = {
			isa = PBXGroup;
			children = (
				D8D32FCA24534E56003241D9 /* CustomButton.swift */,
			);
			path = Buttons;
			sourceTree = "<group>";
		};
		D8DEDDAF2466FF1C00A04078 /* Textfield */ = {
			isa = PBXGroup;
			children = (
				D8D32FF324571B2B003241D9 /* CustomTextfield.swift */,
			);
			path = Textfield;
			sourceTree = "<group>";
		};
		D8DEDDB02466FF2500A04078 /* Labels */ = {
			isa = PBXGroup;
			children = (
				D8D23E76245DBD72007B3436 /* CustomTitleLabel.swift */,
				D8D23E78245DBF4F007B3436 /* CustomBodyTitleLabel.swift */,
				D83112AD24A23075003BD04C /* GFSecondaryLabel.swift */,
			);
			path = Labels;
			sourceTree = "<group>";
		};
/* End PBXGroup section */

/* Begin PBXNativeTarget section */
		D8D32FAA24531B96003241D9 /* GHFollowers */ = {
			isa = PBXNativeTarget;
			buildConfigurationList = D8D32FBF24531B9E003241D9 /* Build configuration list for PBXNativeTarget "GHFollowers" */;
			buildPhases = (
				D8D32FA724531B96003241D9 /* Sources */,
				D8D32FA824531B96003241D9 /* Frameworks */,
				D8D32FA924531B96003241D9 /* Resources */,
			);
			buildRules = (
			);
			dependencies = (
			);
			name = GHFollowers;
			productName = GHFollowers;
			productReference = D8D32FAB24531B96003241D9 /* GHFollowers.app */;
			productType = "com.apple.product-type.application";
		};
/* End PBXNativeTarget section */

/* Begin PBXProject section */
		D8D32FA324531B96003241D9 /* Project object */ = {
			isa = PBXProject;
			attributes = {
				LastSwiftUpdateCheck = 1140;
				LastUpgradeCheck = 1200;
				ORGANIZATIONNAME = "Дмитрий Папушин";
				TargetAttributes = {
					D8D32FAA24531B96003241D9 = {
						CreatedOnToolsVersion = 11.4.1;
					};
				};
			};
			buildConfigurationList = D8D32FA624531B96003241D9 /* Build configuration list for PBXProject "GHFollowers" */;
			compatibilityVersion = "Xcode 9.3";
			developmentRegion = en;
			hasScannedForEncodings = 0;
			knownRegions = (
				en,
				Base,
			);
			mainGroup = D8D32FA224531B96003241D9;
			productRefGroup = D8D32FAC24531B96003241D9 /* Products */;
			projectDirPath = "";
			projectRoot = "";
			targets = (
				D8D32FAA24531B96003241D9 /* GHFollowers */,
			);
		};
/* End PBXProject section */

/* Begin PBXResourcesBuildPhase section */
		D8D32FA924531B96003241D9 /* Resources */ = {
			isa = PBXResourcesBuildPhase;
			buildActionMask = 2147483647;
			files = (
				D8D32FBB24531B9E003241D9 /* LaunchScreen.storyboard in Resources */,
				D8D32FB824531B9E003241D9 /* Assets.xcassets in Resources */,
			);
			runOnlyForDeploymentPostprocessing = 0;
		};
/* End PBXResourcesBuildPhase section */

/* Begin PBXSourcesBuildPhase section */
		D8D32FA724531B96003241D9 /* Sources */ = {
			isa = PBXSourcesBuildPhase;
			buildActionMask = 2147483647;
			files = (
				D886F78B2461918E00084779 /* NetworkManager.swift in Sources */,
				D8D32FFB2458B0F6003241D9 /* FollowerListVC.swift in Sources */,
				D8F4B45C25A3395F00565F39 /* FavoriteCell.swift in Sources */,
				D8D9B2F124C6F958007CA563 /* GFItemInfoView.swift in Sources */,
				D8D32FC6245335E3003241D9 /* FavoritesListVC.swift in Sources */,
				D8D23E7E245DCC5C007B3436 /* UIViewController + Ext.swift in Sources */,
				D8D7C1A424E4723400AD9B75 /* Date + Ext.swift in Sources */,
				D83112AC24A22F43003BD04C /* GFInfoHeaderVCViewController.swift in Sources */,
				D886F7862461888500084779 /* Follower.swift in Sources */,
				D8D7C1A624E4727C00AD9B75 /* StringDate+Ext.swift in Sources */,
				D83112AE24A23075003BD04C /* GFSecondaryLabel.swift in Sources */,
				D8A7D81F24D7039600CA87F0 /* GFIteminfoVC.swift in Sources */,
				D84C86E625152D4600831C6A /* PersistenceManager.swift in Sources */,
				D8D32FC8245340E0003241D9 /* MainTabBarVC.swift in Sources */,
				D8D23E7C245DC079007B3436 /* AlertVC.swift in Sources */,
				D8DF7C6324733426007E2CAF /* UserinfoVC.swift in Sources */,
				D886F7912461D60300084779 /* FollowerCell.swift in Sources */,
				D8D32FCB24534E56003241D9 /* CustomButton.swift in Sources */,
				D886F7882461899A00084779 /* User.swift in Sources */,
				D8D32FF22457195C003241D9 /* Utils.swift in Sources */,
				D8D32FF424571B2B003241D9 /* CustomTextfield.swift in Sources */,
				D8D32FC42453358F003241D9 /* SearchVC.swift in Sources */,
				D8A7D82324D70AF900CA87F0 /* GFFollowerItemVC.swift in Sources */,
				D8A7D82124D7085E00CA87F0 /* GFReapoItemVC.swift in Sources */,
				D8D23E77245DBD72007B3436 /* CustomTitleLabel.swift in Sources */,
				D8D23E79245DBF4F007B3436 /* CustomBodyTitleLabel.swift in Sources */,
				D886F7932461D70C00084779 /* CustomAvatarImageView.swift in Sources */,
				D8D32FAF24531B96003241D9 /* AppDelegate.swift in Sources */,
				D8DEDDA92463352100A04078 /* UIhelper.swift in Sources */,
				D8D32FFE2458B9B3003241D9 /* String+Ext.swift in Sources */,
				D8DEDDB22466FF4E00A04078 /* GFEmptyStateView.swift in Sources */,
				D8D32FB124531B96003241D9 /* SceneDelegate.swift in Sources */,
				D886F78E2461B97500084779 /* ErrorMessage.swift in Sources */,
				D8D23E80245DD1A3007B3436 /* UIView + Ext.swift in Sources */,
				D8CF558024BCD7F9004D2DE8 /* Constants.swift in Sources */,
			);
			runOnlyForDeploymentPostprocessing = 0;
		};
/* End PBXSourcesBuildPhase section */

/* Begin PBXVariantGroup section */
		D8D32FB924531B9E003241D9 /* LaunchScreen.storyboard */ = {
			isa = PBXVariantGroup;
			children = (
				D8D32FBA24531B9E003241D9 /* Base */,
			);
			name = LaunchScreen.storyboard;
			sourceTree = "<group>";
		};
/* End PBXVariantGroup section */

/* Begin XCBuildConfiguration section */
		D8D32FBD24531B9E003241D9 /* Debug */ = {
			isa = XCBuildConfiguration;
			buildSettings = {
				ALWAYS_SEARCH_USER_PATHS = NO;
				CLANG_ANALYZER_NONNULL = YES;
				CLANG_ANALYZER_NUMBER_OBJECT_CONVERSION = YES_AGGRESSIVE;
				CLANG_CXX_LANGUAGE_STANDARD = "gnu++14";
				CLANG_CXX_LIBRARY = "libc++";
				CLANG_ENABLE_MODULES = YES;
				CLANG_ENABLE_OBJC_ARC = YES;
				CLANG_ENABLE_OBJC_WEAK = YES;
				CLANG_WARN_BLOCK_CAPTURE_AUTORELEASING = YES;
				CLANG_WARN_BOOL_CONVERSION = YES;
				CLANG_WARN_COMMA = YES;
				CLANG_WARN_CONSTANT_CONVERSION = YES;
				CLANG_WARN_DEPRECATED_OBJC_IMPLEMENTATIONS = YES;
				CLANG_WARN_DIRECT_OBJC_ISA_USAGE = YES_ERROR;
				CLANG_WARN_DOCUMENTATION_COMMENTS = YES;
				CLANG_WARN_EMPTY_BODY = YES;
				CLANG_WARN_ENUM_CONVERSION = YES;
				CLANG_WARN_INFINITE_RECURSION = YES;
				CLANG_WARN_INT_CONVERSION = YES;
				CLANG_WARN_NON_LITERAL_NULL_CONVERSION = YES;
				CLANG_WARN_OBJC_IMPLICIT_RETAIN_SELF = YES;
				CLANG_WARN_OBJC_LITERAL_CONVERSION = YES;
				CLANG_WARN_OBJC_ROOT_CLASS = YES_ERROR;
				CLANG_WARN_QUOTED_INCLUDE_IN_FRAMEWORK_HEADER = YES;
				CLANG_WARN_RANGE_LOOP_ANALYSIS = YES;
				CLANG_WARN_STRICT_PROTOTYPES = YES;
				CLANG_WARN_SUSPICIOUS_MOVE = YES;
				CLANG_WARN_UNGUARDED_AVAILABILITY = YES_AGGRESSIVE;
				CLANG_WARN_UNREACHABLE_CODE = YES;
				CLANG_WARN__DUPLICATE_METHOD_MATCH = YES;
				COPY_PHASE_STRIP = NO;
				DEBUG_INFORMATION_FORMAT = dwarf;
				ENABLE_STRICT_OBJC_MSGSEND = YES;
				ENABLE_TESTABILITY = YES;
				GCC_C_LANGUAGE_STANDARD = gnu11;
				GCC_DYNAMIC_NO_PIC = NO;
				GCC_NO_COMMON_BLOCKS = YES;
				GCC_OPTIMIZATION_LEVEL = 0;
				GCC_PREPROCESSOR_DEFINITIONS = (
					"DEBUG=1",
					"$(inherited)",
				);
				GCC_WARN_64_TO_32_BIT_CONVERSION = YES;
				GCC_WARN_ABOUT_RETURN_TYPE = YES_ERROR;
				GCC_WARN_UNDECLARED_SELECTOR = YES;
				GCC_WARN_UNINITIALIZED_AUTOS = YES_AGGRESSIVE;
				GCC_WARN_UNUSED_FUNCTION = YES;
				GCC_WARN_UNUSED_VARIABLE = YES;
				IPHONEOS_DEPLOYMENT_TARGET = 13.4;
				MTL_ENABLE_DEBUG_INFO = INCLUDE_SOURCE;
				MTL_FAST_MATH = YES;
				ONLY_ACTIVE_ARCH = YES;
				SDKROOT = iphoneos;
				SWIFT_ACTIVE_COMPILATION_CONDITIONS = DEBUG;
				SWIFT_OPTIMIZATION_LEVEL = "-Onone";
			};
			name = Debug;
		};
		D8D32FBE24531B9E003241D9 /* Release */ = {
			isa = XCBuildConfiguration;
			buildSettings = {
				ALWAYS_SEARCH_USER_PATHS = NO;
				CLANG_ANALYZER_NONNULL = YES;
				CLANG_ANALYZER_NUMBER_OBJECT_CONVERSION = YES_AGGRESSIVE;
				CLANG_CXX_LANGUAGE_STANDARD = "gnu++14";
				CLANG_CXX_LIBRARY = "libc++";
				CLANG_ENABLE_MODULES = YES;
				CLANG_ENABLE_OBJC_ARC = YES;
				CLANG_ENABLE_OBJC_WEAK = YES;
				CLANG_WARN_BLOCK_CAPTURE_AUTORELEASING = YES;
				CLANG_WARN_BOOL_CONVERSION = YES;
				CLANG_WARN_COMMA = YES;
				CLANG_WARN_CONSTANT_CONVERSION = YES;
				CLANG_WARN_DEPRECATED_OBJC_IMPLEMENTATIONS = YES;
				CLANG_WARN_DIRECT_OBJC_ISA_USAGE = YES_ERROR;
				CLANG_WARN_DOCUMENTATION_COMMENTS = YES;
				CLANG_WARN_EMPTY_BODY = YES;
				CLANG_WARN_ENUM_CONVERSION = YES;
				CLANG_WARN_INFINITE_RECURSION = YES;
				CLANG_WARN_INT_CONVERSION = YES;
				CLANG_WARN_NON_LITERAL_NULL_CONVERSION = YES;
				CLANG_WARN_OBJC_IMPLICIT_RETAIN_SELF = YES;
				CLANG_WARN_OBJC_LITERAL_CONVERSION = YES;
				CLANG_WARN_OBJC_ROOT_CLASS = YES_ERROR;
				CLANG_WARN_QUOTED_INCLUDE_IN_FRAMEWORK_HEADER = YES;
				CLANG_WARN_RANGE_LOOP_ANALYSIS = YES;
				CLANG_WARN_STRICT_PROTOTYPES = YES;
				CLANG_WARN_SUSPICIOUS_MOVE = YES;
				CLANG_WARN_UNGUARDED_AVAILABILITY = YES_AGGRESSIVE;
				CLANG_WARN_UNREACHABLE_CODE = YES;
				CLANG_WARN__DUPLICATE_METHOD_MATCH = YES;
				COPY_PHASE_STRIP = NO;
				DEBUG_INFORMATION_FORMAT = "dwarf-with-dsym";
				ENABLE_NS_ASSERTIONS = NO;
				ENABLE_STRICT_OBJC_MSGSEND = YES;
				GCC_C_LANGUAGE_STANDARD = gnu11;
				GCC_NO_COMMON_BLOCKS = YES;
				GCC_WARN_64_TO_32_BIT_CONVERSION = YES;
				GCC_WARN_ABOUT_RETURN_TYPE = YES_ERROR;
				GCC_WARN_UNDECLARED_SELECTOR = YES;
				GCC_WARN_UNINITIALIZED_AUTOS = YES_AGGRESSIVE;
				GCC_WARN_UNUSED_FUNCTION = YES;
				GCC_WARN_UNUSED_VARIABLE = YES;
				IPHONEOS_DEPLOYMENT_TARGET = 13.4;
				MTL_ENABLE_DEBUG_INFO = NO;
				MTL_FAST_MATH = YES;
				SDKROOT = iphoneos;
				SWIFT_COMPILATION_MODE = wholemodule;
				SWIFT_OPTIMIZATION_LEVEL = "-O";
				VALIDATE_PRODUCT = YES;
			};
			name = Release;
		};
		D8D32FC024531B9E003241D9 /* Debug */ = {
			isa = XCBuildConfiguration;
			buildSettings = {
				ASSETCATALOG_COMPILER_APPICON_NAME = AppIcon;
				CODE_SIGN_STYLE = Automatic;
				DEVELOPMENT_TEAM = 86F4TVSZ56;
				INFOPLIST_FILE = GHFollowers/Info.plist;
				LD_RUNPATH_SEARCH_PATHS = (
					"$(inherited)",
					"@executable_path/Frameworks",
				);
				PRODUCT_BUNDLE_IDENTIFIER = Papushin.GHFollowers;
				PRODUCT_NAME = "$(TARGET_NAME)";
				SWIFT_VERSION = 5.0;
				TARGETED_DEVICE_FAMILY = 1;
			};
			name = Debug;
		};
		D8D32FC124531B9E003241D9 /* Release */ = {
			isa = XCBuildConfiguration;
			buildSettings = {
				ASSETCATALOG_COMPILER_APPICON_NAME = AppIcon;
				CODE_SIGN_STYLE = Automatic;
				DEVELOPMENT_TEAM = 86F4TVSZ56;
				INFOPLIST_FILE = GHFollowers/Info.plist;
				LD_RUNPATH_SEARCH_PATHS = (
					"$(inherited)",
					"@executable_path/Frameworks",
				);
				PRODUCT_BUNDLE_IDENTIFIER = Papushin.GHFollowers;
				PRODUCT_NAME = "$(TARGET_NAME)";
				SWIFT_VERSION = 5.0;
				TARGETED_DEVICE_FAMILY = 1;
			};
			name = Release;
		};
/* End XCBuildConfiguration section */

/* Begin XCConfigurationList section */
		D8D32FA624531B96003241D9 /* Build configuration list for PBXProject "GHFollowers" */ = {
			isa = XCConfigurationList;
			buildConfigurations = (
				D8D32FBD24531B9E003241D9 /* Debug */,
				D8D32FBE24531B9E003241D9 /* Release */,
			);
			defaultConfigurationIsVisible = 0;
			defaultConfigurationName = Release;
		};
		D8D32FBF24531B9E003241D9 /* Build configuration list for PBXNativeTarget "GHFollowers" */ = {
			isa = XCConfigurationList;
			buildConfigurations = (
				D8D32FC024531B9E003241D9 /* Debug */,
				D8D32FC124531B9E003241D9 /* Release */,
			);
			defaultConfigurationIsVisible = 0;
			defaultConfigurationName = Release;
		};
/* End XCConfigurationList section */
	};
	rootObject = D8D32FA324531B96003241D9 /* Project object */;
}
